# This file is @generated by PDM.
# It is not intended for manual editing.

[metadata]
groups = ["default", "ldap", "sonic"]
strategy = ["cross_platform", "inherit_metadata"]
lock_version = "4.5.0"
content_hash = "sha256:da8c8535175c50b1beea12ae696265c978c9d159d33f2a9f543741cf214dec19"

[[metadata.targets]]
requires_python = ">=3.9,<3.12"

[[package]]
name = "asgiref"
version = "3.11.1"
requires_python = ">=3.9"
summary = "ASGI specs, helper code, and adapters"
groups = ["default", "ldap"]
dependencies = [
    "typing-extensions>=4; python_version < \"3.11\"",
]
files = [
    {file = "asgiref-3.11.1-py3-none-any.whl", hash = "sha256:e8667a091e69529631969fd45dc268fa79b99c92c5fcdda727757e52146ec133"},
    {file = "asgiref-3.11.1.tar.gz", hash = "sha256:5f184dc43b7e763efe848065441eac62229c9f7b0475f41f80e207a114eda4ce"},
]

[[package]]
name = "asttokens"
version = "3.0.1"
requires_python = ">=3.8"
summary = "Annotate AST trees with source code positions"
groups = ["default"]
files = [
    {file = "asttokens-3.0.1-py3-none-any.whl", hash = "sha256:15a3ebc0f43c2d0a50eeafea25e19046c68398e487b9f1f5b517f7c0f40f976a"},
    {file = "asttokens-3.0.1.tar.gz", hash = "sha256:71a4ee5de0bde6a31d64f6b13f2293ac190344478f081c3d1bccfcf5eacb0cb7"},
]

[[package]]
name = "certifi"
version = "2026.4.22"
requires_python = ">=3.7"
summary = "Python package for providing Mozilla's CA Bundle."
groups = ["default"]
files = [
    {file = "certifi-2026.4.22-py3-none-any.whl", hash = "sha256:3cb2210c8f88ba2318d29b0388d1023c8492ff72ecdde4ebdaddbb13a31b1c4a"},
    {file = "certifi-2026.4.22.tar.gz", hash = "sha256:8d455352a37b71bf76a79caa83a3d6c25afee4a385d632127b6afb3963f1c580"},
]

[[package]]
name = "charset-normalizer"
version = "3.4.7"
requires_python = ">=3.7"
summary = "The Real First Universal Charset Detector. Open, modern and actively maintained alternative to Chardet."
groups = ["default"]
files = [
    {file = "charset_normalizer-3.4.7-cp310-cp310-macosx_10_9_universal2.whl", hash = "sha256:cdd68a1fb318e290a2077696b7eb7a21a49163c455979c639bf5a5dcdc46617d"},
    {file = "charset_normalizer-3.4.7-cp310-cp310-manylinux2014_aarch64.manylinux_2_17_aarch64.manylinux_2_28_aarch64.whl", hash = "sha256:e17b8d5d6a8c47c85e68ca8379def1303fd360c3e22093a807cd34a71cd082b8"},
    {file = "charset_normalizer-3.4.7-cp310-cp310-manylinux2014_ppc64le.manylinux_2_17_ppc64le.manylinux_2_28_ppc64le.whl", hash = "sha256:511ef87c8aec0783e08ac18565a16d435372bc1ac25a91e6ac7f5ef2b0bff790"},
    {file = "charset_normalizer-3.4.7-cp310-cp310-manylinux2014_s390x.manylinux_2_17_s390x.manylinux_2_28_s390x.whl", hash = "sha256:007d05ec7321d12a40227aae9e2bc6dca73f3cb21058999a1df9e193555a9dcc"},
    {file = "charset_normalizer-3.4.7-cp310-cp310-manylinux2014_x86_64.manylinux_2_17_x86_64.manylinux_2_28_x86_64.whl", hash = "sha256:cf29836da5119f3c8a8a70667b0ef5fdca3bb12f80fd06487cfa575b3909b393"},
    {file = "charset_normalizer-3.4.7-cp310-cp310-manylinux_2_31_armv7l.whl", hash = "sha256:12d8baf840cc7889b37c7c770f478adea7adce3dcb3944d02ec87508e2dcf153"},
    {file = "charset_normalizer-3.4.7-cp310-cp310-manylinux_2_31_riscv64.manylinux_2_39_riscv64.whl", hash = "sha256:d560742f3c0d62afaccf9f41fe485ed69bd7661a241f86a3ef0f0fb8b1a397af"},
    {file = "charset_normalizer-3.4.7-cp310-cp310-musllinux_1_2_aarch64.whl", hash = "sha256:b14b2d9dac08e28bb8046a1a0434b1750eb221c8f5b87a68f4fa11a6f97b5e34"},
    {file = "charset_normalizer-3.4.7-cp310-cp310-musllinux_1_2_armv7l.whl", hash = "sha256:bc17a677b21b3502a21f66a8cc64f5bfad4df8a0b8434d661666f8ce90ac3af1"},
    {file = "charset_normalizer-3.4.7-cp310-cp310-musllinux_1_2_ppc64le.whl", hash = "sha256:750e02e074872a3fad7f233b47734166440af3cdea0add3e95163110816d6752"},
    {file = "charset_normalizer-3.4.7-cp310-cp310-musllinux_1_2_riscv64.whl", hash = "sha256:4e5163c14bffd570ef2affbfdd77bba66383890797df43dc8b4cc7d6f500bf53"},
    {file = "charset_normalizer-3.4.7-cp310-cp310-musllinux_1_2_s390x.whl", hash = "sha256:6ed74185b2db44f41ef35fd1617c5888e59792da9bbc9190d6c7300617182616"},
    {file = "charset_normalizer-3.4.7-cp310-cp310-musllinux_1_2_x86_64.whl", hash = "sha256:94e1885b270625a9a828c9793b4d52a64445299baa1fea5a173bf1d3dd9a1a5a"},
    {file = "charset_normalizer-3.4.7-cp310-cp310-win32.whl", hash = "sha256:6785f414ae0f3c733c437e0f3929197934f526d19dfaa75e18fdb4f94c6fb374"},
    {file = "charset_normalizer-3.4.7-cp310-cp310-win_amd64.whl", hash = "sha256:6696b7688f54f5af4462118f0bfa7c1621eeb87154f77fa04b9295ce7a8f2943"},
    {file = "charset_normalizer-3.4.7-cp310-cp310-win_arm64.whl", hash = "sha256:66671f93accb62ed07da56613636f3641f1a12c13046ce91ffc923721f23c008"},
    {file = "charset_normalizer-3.4.7-cp311-cp311-macosx_10_9_universal2.whl", hash = "sha256:7641bb8895e77f921102f72833904dcd9901df5d6d72a2ab8f31d04b7e51e4e7"},
    {file = "charset_normalizer-3.4.7-cp311-cp311-manylinux2014_aarch64.manylinux_2_17_aarch64.manylinux_2_28_aarch64.whl", hash = "sha256:202389074300232baeb53ae2569a60901f7efadd4245cf3a3bf0617d60b439d7"},
    {file = "charset_normalizer-3.4.7-cp311-cp311-manylinux2014_ppc64le.manylinux_2_17_ppc64le.manylinux_2_28_ppc64le.whl", hash = "sha256:30b8d1d8c52a48c2c5690e152c169b673487a2a58de1ec7393196753063fcd5e"},
    {file = "charset_normalizer-3.4.7-cp311-cp311-manylinux2014_s390x.manylinux_2_17_s390x.manylinux_2_28_s390x.whl", hash = "sha256:532bc9bf33a68613fd7d65e4b1c71a6a38d7d42604ecf239c77392e9b4e8998c"},
    {file = "charset_normalizer-3.4.7-cp311-cp311-manylinux2014_x86_64.manylinux_2_17_x86_64.manylinux_2_28_x86_64.whl", hash = "sha256:2fe249cb4651fd12605b7288b24751d8bfd46d35f12a20b1ba33dea122e690df"},
    {file = "charset_normalizer-3.4.7-cp311-cp311-manylinux_2_31_armv7l.whl", hash = "sha256:65bcd23054beab4d166035cabbc868a09c1a49d1efe458fe8e4361215df40265"},
    {file = "charset_normalizer-3.4.7-cp311-cp311-manylinux_2_31_riscv64.manylinux_2_39_riscv64.whl", hash = "sha256:08e721811161356f97b4059a9ba7bafb23ea5ee2255402c42881c214e173c6b4"},
    {file = "charset_normalizer-3.4.7-cp311-cp311-musllinux_1_2_aarch64.whl", hash = "sha256:e060d01aec0a910bdccb8be71faf34e7799ce36950f8294c8bf612cba65a2c9e"},
    {file = "charset_normalizer-3.4.7-cp311-cp311-musllinux_1_2_armv7l.whl", hash = "sha256:38c0109396c4cfc574d502df99742a45c72c08eff0a36158b6f04000043dbf38"},
    {file = "charset_normalizer-3.4.7-cp311-cp311-musllinux_1_2_ppc64le.whl", hash = "sha256:1c2a768fdd44ee4a9339a9b0b130049139b8ce3c01d2ce09f67f5a68048d477c"},
    {file = "charset_normalizer-3.4.7-cp311-cp311-musllinux_1_2_riscv64.whl", hash = "sha256:1a87ca9d5df6fe460483d9a5bbf2b18f620cbed41b432e2bddb686228282d10b"},
    {file = "charset_normalizer-3.4.7-cp311-cp311-musllinux_1_2_s390x.whl", hash = "sha256:d635aab80466bc95771bb78d5370e74d36d1fe31467b6b29b8b57b2a3cd7d22c"},
    {file = "charset_normalizer-3.4.7-cp311-cp311-musllinux_1_2_x86_64.whl", hash = "sha256:ae196f021b5e7c78e918242d217db021ed2a6ace2bc6ae94c0fc596221c7f58d"},
    {file = "charset_normalizer-3.4.7-cp311-cp311-win32.whl", hash = "sha256:adb2597b428735679446b46c8badf467b4ca5f5056aae4d51a19f9570301b1ad"},
    {file = "charset_normalizer-3.4.7-cp311-cp311-win_amd64.whl", hash = "sha256:8e385e4267ab76874ae30db04c627faaaf0b509e1ccc11a95b3fc3e83f855c00"},
    {file = "charset_normalizer-3.4.7-cp311-cp311-win_arm64.whl", hash = "sha256:d4a48e5b3c2a489fae013b7589308a40146ee081f6f509e047e0e096084ceca1"},
    {file = "charset_normalizer-3.4.7-cp39-cp39-macosx_10_9_universal2.whl", hash = "sha256:177a0ba5f0211d488e295aaf82707237e331c24788d8d76c96c5a41594723217"},
    {file = "charset_normalizer-3.4.7-cp39-cp39-manylinux2014_aarch64.manylinux_2_17_aarch64.manylinux_2_28_aarch64.whl", hash = "sha256:6e0d51f618228538a3e8f46bd246f87a6cd030565e015803691603f55e12afb5"},
    {file = "charset_normalizer-3.4.7-cp39-cp39-manylinux2014_ppc64le.manylinux_2_17_ppc64le.manylinux_2_28_ppc64le.whl", hash = "sha256:14265bfe1f09498b9d8ec91e9ec9fa52775edf90fcbde092b25f4a33d444fea9"},
    {file = "charset_normalizer-3.4.7-cp39-cp39-manylinux2014_s390x.manylinux_2_17_s390x.manylinux_2_28_s390x.whl", hash = "sha256:87fad7d9ba98c86bcb41b2dc8dbb326619be2562af1f8ff50776a39e55721c5a"},
    {file = "charset_normalizer-3.4.7-cp39-cp39-manylinux2014_x86_64.manylinux_2_17_x86_64.manylinux_2_28_x86_64.whl", hash = "sha256:f22dec1690b584cea26fade98b2435c132c1b5f68e39f5a0b7627cd7ae31f1dc"},
    {file = "charset_normalizer-3.4.7-cp39-cp39-manylinux_2_31_armv7l.whl", hash = "sha256:d61f00a0869d77422d9b2aba989e2d24afa6ffd552af442e0e58de4f35ea6d00"},
    {file = "charset_normalizer-3.4.7-cp39-cp39-manylinux_2_31_riscv64.manylinux_2_39_riscv64.whl", hash = "sha256:6370e8686f662e6a3941ee48ed4742317cafbe5707e36406e9df792cdb535776"},
    {file = "charset_normalizer-3.4.7-cp39-cp39-musllinux_1_2_aarch64.whl", hash = "sha256:a6c5863edfbe888d9eff9c8b8087354e27618d9da76425c119293f11712a6319"},
    {file = "charset_normalizer-3.4.7-cp39-cp39-musllinux_1_2_armv7l.whl", hash = "sha256:ed065083d0898c9d5b4bbec7b026fd755ff7454e6e8b73a67f8c744b13986e24"},
    {file = "charset_normalizer-3.4.7-cp39-cp39-musllinux_1_2_ppc64le.whl", hash = "sha256:2cd4a60d0e2fb04537162c62bbbb4182f53541fe0ede35cdf270a1c1e723cc42"},
    {file = "charset_normalizer-3.4.7-cp39-cp39-musllinux_1_2_riscv64.whl", hash = "sha256:813c0e0132266c08eb87469a642cb30aaff57c5f426255419572aaeceeaa7bf4"},
    {file = "charset_normalizer-3.4.7-cp39-cp39-musllinux_1_2_s390x.whl", hash = "sha256:07d9e39b01743c3717745f4c530a6349eadbfa043c7577eef86c502c15df2c67"},
    {file = "charset_normalizer-3.4.7-cp39-cp39-musllinux_1_2_x86_64.whl", hash = "sha256:c0f081d69a6e58272819b70288d3221a6ee64b98df852631c80f293514d3b274"},
    {file = "charset_normalizer-3.4.7-cp39-cp39-win32.whl", hash = "sha256:8751d2787c9131302398b11e6c8068053dcb55d5a8964e114b6e196cf16cb366"},
    {file = "charset_normalizer-3.4.7-cp39-cp39-win_amd64.whl", hash = "sha256:12a6fff75f6bc66711b73a2f0addfc4c8c15a20e805146a02d147a318962c444"},
    {file = "charset_normalizer-3.4.7-cp39-cp39-win_arm64.whl", hash = "sha256:bb8cc7534f51d9a017b93e3e85b260924f909601c3df002bcdb58ddb4dc41a5c"},
    {file = "charset_normalizer-3.4.7-py3-none-any.whl", hash = "sha256:3dce51d0f5e7951f8bb4900c257dad282f49190fdbebecd4ba99bcc41fef404d"},
    {file = "charset_normalizer-3.4.7.tar.gz", hash = "sha256:ae89db9e5f98a11a4bf50407d4363e7b09b31e55bc117b4f7d80aab97ba009e5"},
]

[[package]]
name = "colorama"
version = "0.4.6"
requires_python = "!=3.0.*,!=3.1.*,!=3.2.*,!=3.3.*,!=3.4.*,!=3.5.*,!=3.6.*,>=2.7"
summary = "Cross-platform colored terminal text."
groups = ["default"]
marker = "sys_platform == \"win32\""
files = [
    {file = "colorama-0.4.6-py2.py3-none-any.whl", hash = "sha256:4f1d9991f5acc0ca119f9d443620b77f9d6b33703e51011c16baf57afb285fc6"},
    {file = "colorama-0.4.6.tar.gz", hash = "sha256:08695f5cb7ed6e0531a20572697297273c47b8cae5a63ffc6d6ed5c201be6e44"},
]

[[package]]
name = "croniter"
version = "6.2.2"
requires_python = ">=3.9"
summary = "croniter provides iteration for datetime object with cron like format"
groups = ["default"]
dependencies = [
    "python-dateutil",
]
files = [
    {file = "croniter-6.2.2-py3-none-any.whl", hash = "sha256:a5d17b1060974d36251ea4faf388233eca8acf0d09cbd92d35f4c4ac8f279960"},
    {file = "croniter-6.2.2.tar.gz", hash = "sha256:ba60832a5ec8e12e51b8691c3309a113d1cf6526bdf1a48150ce8ec7a532d0ab"},
]

[[package]]
name = "dateparser"
version = "1.2.2"
requires_python = ">=3.8"
summary = "Date parsing library designed to parse dates from HTML pages"
groups = ["default"]
dependencies = [
    "python-dateutil>=2.7.0",
    "pytz>=2024.2",
    "regex>=2024.9.11",
    "tzlocal>=0.2",
]
files = [
    {file = "dateparser-1.2.2-py3-none-any.whl", hash = "sha256:5a5d7211a09013499867547023a2a0c91d5a27d15dd4dbcea676ea9fe66f2482"},
    {file = "dateparser-1.2.2.tar.gz", hash = "sha256:986316f17cb8cdc23ea8ce563027c5ef12fc725b6fb1d137c14ca08777c5ecf7"},
]

[[package]]
name = "decorator"
version = "5.3.1"
requires_python = ">=3.8"
summary = "Decorators for Humans"
groups = ["default"]
files = [
    {file = "decorator-5.3.1-py3-none-any.whl", hash = "sha256:f47fe6fdbd2edd623ecfe36875d37aba411624e2670dd395dddae1358689bb3c"},
    {file = "decorator-5.3.1.tar.gz", hash = "sha256:4cbcdd55a6efadb9dbea26b858f4fb3264567b52d69ca0d25b721b553f60ea82"},
]

[[package]]
name = "django"
version = "3.1.14"
requires_python = ">=3.6"
summary = "A high-level Python Web framework that encourages rapid development and clean, pragmatic design."
groups = ["default", "ldap"]
dependencies = [
    "asgiref<4,>=3.2.10",
    "pytz",
    "sqlparse>=0.2.2",
]
files = [
    {file = "Django-3.1.14-py3-none-any.whl", hash = "sha256:0fabc786489af16ad87a8c170ba9d42bfd23f7b699bd5ef05675864e8d012859"},
    {file = "Django-3.1.14.tar.gz", hash = "sha256:72a4a5a136a214c39cf016ccdd6b69e2aa08c7479c66d93f3a9b5e4bb9d8a347"},
]

[[package]]
name = "django-auth-ldap"
version = "4.1.0"
requires_python = ">=3.7"
summary = "Django LDAP authentication backend."
groups = ["ldap"]
dependencies = [
    "Django>=2.2",
    "python-ldap>=3.1",
]
files = [
    {file = "django-auth-ldap-4.1.0.tar.gz", hash = "sha256:77f749d3b17807ce8eb56a9c9c8e5746ff316567f81d5ba613495d9c7495a949"},
    {file = "django_auth_ldap-4.1.0-py3-none-any.whl", hash = "sha256:68870e7921e84b1a9867e268a9c8a3e573e8a0d95ea08bcf31be178f5826ff36"},
]

[[package]]
name = "django-extensions"
version = "3.1.5"
requires_python = ">=3.6"
summary = "Extensions for Django"
groups = ["default"]
dependencies = [
    "Django>=2.2",
]
files = [
    {file = "django-extensions-3.1.5.tar.gz", hash = "sha256:28e1e1bf49f0e00307ba574d645b0af3564c981a6dfc87209d48cb98f77d0b1a"},
    {file = "django_extensions-3.1.5-py3-none-any.whl", hash = "sha256:9238b9e016bb0009d621e05cf56ea8ce5cce9b32e91ad2026996a7377ca28069"},
]

[[package]]
name = "exceptiongroup"
version = "1.3.1"
requires_python = ">=3.7"
summary = "Backport of PEP 654 (exception groups)"
groups = ["default"]
marker = "python_version < \"3.11\""
dependencies = [
    "typing-extensions>=4.6.0; python_version < \"3.13\"",
]
files = [
    {file = "exceptiongroup-1.3.1-py3-none-any.whl", hash = "sha256:a7a39a3bd276781e98394987d3a5701d0c4edffb633bb7a5144577f82c773598"},
    {file = "exceptiongroup-1.3.1.tar.gz", hash = "sha256:8b412432c6055b0b7d14c310000ae93352ed6754f70fa8f7c34141f91c4e3219"},
]

[[package]]
name = "executing"
version = "2.2.1"
requires_python = ">=3.8"
summary = "Get the currently executing AST node of a frame, and other information"
groups = ["default"]
files = [
    {file = "executing-2.2.1-py2.py3-none-any.whl", hash = "sha256:760643d3452b4d777d295bb167ccc74c64a81df23fb5e08eff250c425a4b2017"},
    {file = "executing-2.2.1.tar.gz", hash = "sha256:3632cc370565f6648cc328b32435bd120a1e4ebb20c77e3fdde9a13cd1e533c4"},
]

[[package]]
name = "idna"
version = "3.15"
requires_python = ">=3.8"
summary = "Internationalized Domain Names in Applications (IDNA)"
groups = ["default"]
files = [
    {file = "idna-3.15-py3-none-any.whl", hash = "sha256:048adeaf8c2d788c40fee287673ccaa74c24ffd8dcf09ffa555a2fbb59f10ac8"},
    {file = "idna-3.15.tar.gz", hash = "sha256:ca962446ea538f7092a95e057da437618e886f4d349216d2b1e294abfdb65fdc"},
]

[[package]]
name = "ipython"
version = "8.18.1"
requires_python = ">=3.9"
summary = "IPython: Productive Interactive Computing"
groups = ["default"]
dependencies = [
    "colorama; sys_platform == \"win32\"",
    "decorator",
    "exceptiongroup; python_version < \"3.11\"",
    "jedi>=0.16",
    "matplotlib-inline",
    "pexpect>4.3; sys_platform != \"win32\"",
    "prompt-toolkit<3.1.0,>=3.0.41",
    "pygments>=2.4.0",
    "stack-data",
    "traitlets>=5",
    "typing-extensions; python_version < \"3.10\"",
]
files = [
    {file = "ipython-8.18.1-py3-none-any.whl", hash = "sha256:e8267419d72d81955ec1177f8a29aaa90ac80ad647499201119e2f05e99aa397"},
    {file = "ipython-8.18.1.tar.gz", hash = "sha256:ca6f079bb33457c66e233e4580ebfc4128855b4cf6370dddd73842a9563e8a27"},
]

[[package]]
name = "jedi"
version = "0.19.2"
requires_python = ">=3.6"
summary = "An autocompletion tool for Python that can be used for text editors."
groups = ["default"]
dependencies = [
    "parso<0.9.0,>=0.8.4",
]
files = [
    {file = "jedi-0.19.2-py2.py3-none-any.whl", hash = "sha256:a8ef22bde8490f57fe5c7681a3c83cb58874daf72b4784de3cce5b6ef6edb5b9"},
    {file = "jedi-0.19.2.tar.gz", hash = "sha256:4770dc3de41bde3966b02eb84fbcf557fb33cce26ad23da12c742fb50ecb11f0"},
]

[[package]]
name = "matplotlib-inline"
version = "0.2.2"
requires_python = ">=3.9"
summary = "Inline Matplotlib backend for Jupyter"
groups = ["default"]
dependencies = [
    "traitlets",
]
files = [
    {file = "matplotlib_inline-0.2.2-py3-none-any.whl", hash = "sha256:3c821cf1c209f59fb2d2d64abbf5b23b67bcb2210d663f9918dd851c6da1fcf6"},
    {file = "matplotlib_inline-0.2.2.tar.gz", hash = "sha256:72f3fe8fce36b70d4a5b612f899090cd0401deddc4ea90e1572b9f4bfb058c79"},
]

[[package]]
name = "mypy-extensions"
version = "1.1.0"
requires_python = ">=3.8"
summary = "Type system extensions for programs checked with the mypy type checker."
groups = ["default"]
files = [
    {file = "mypy_extensions-1.1.0-py3-none-any.whl", hash = "sha256:1be4cccdb0f2482337c4743e60421de3a356cd97508abadd57d47403e94f5505"},
    {file = "mypy_extensions-1.1.0.tar.gz", hash = "sha256:52e68efc3284861e772bbcd66823fde5ae21fd2fdb51c62a211403730b916558"},
]

[[package]]
name = "parso"
version = "0.8.7"
requires_python = ">=3.6"
summary = "A Python Parser"
groups = ["default"]
files = [
    {file = "parso-0.8.7-py2.py3-none-any.whl", hash = "sha256:a8926eb2a1b915486941fdbd31e86a4baf88fe8c210f25f2f35ecec5b574ca1c"},
    {file = "parso-0.8.7.tar.gz", hash = "sha256:eaaac4c9fdd5e9e8852dc778d2d7405897ec510f2a298071453e5e3a07914bb1"},
]

[[package]]
name = "pexpect"
version = "4.9.0"
summary = "Pexpect allows easy control of interactive console applications."
groups = ["default"]
marker = "sys_platform != \"win32\""
dependencies = [
    "ptyprocess>=0.5",
]
files = [
    {file = "pexpect-4.9.0-py2.py3-none-any.whl", hash = "sha256:7236d1e080e4936be2dc3e326cec0af72acf9212a7e1d060210e70a47e253523"},
    {file = "pexpect-4.9.0.tar.gz", hash = "sha256:ee7d41123f3c9911050ea2c2dac107568dc43b2d3b0c7557a33212c398ead30f"},
]

[[package]]
name = "prompt-toolkit"
version = "3.0.52"
requires_python = ">=3.8"
summary = "Library for building powerful interactive command lines in Python"
groups = ["default"]
dependencies = [
    "wcwidth",
]
files = [
    {file = "prompt_toolkit-3.0.52-py3-none-any.whl", hash = "sha256:9aac639a3bbd33284347de5ad8d68ecc044b91a762dc39b7c21095fcd6a19955"},
    {file = "prompt_toolkit-3.0.52.tar.gz", hash = "sha256:28cde192929c8e7321de85de1ddbe736f1375148b02f2e17edd840042b1be855"},
]

[[package]]
name = "ptyprocess"
version = "0.7.0"
summary = "Run a subprocess in a pseudo terminal"
groups = ["default"]
marker = "sys_platform != \"win32\""
files = [
    {file = "ptyprocess-0.7.0-py2.py3-none-any.whl", hash = "sha256:4b41f3967fce3af57cc7e94b888626c18bf37a083e3651ca8feeb66d492fef35"},
    {file = "ptyprocess-0.7.0.tar.gz", hash = "sha256:5c5d0a3b48ceee0b48485e0c26037c0acd7d29765ca3fbb5cb3831d347423220"},
]

[[package]]
name = "pure-eval"
version = "0.2.3"
summary = "Safely evaluate AST nodes without side effects"
groups = ["default"]
files = [
    {file = "pure_eval-0.2.3-py3-none-any.whl", hash = "sha256:1db8e35b67b3d218d818ae653e27f06c3aa420901fa7b081ca98cbedc874e0d0"},
    {file = "pure_eval-0.2.3.tar.gz", hash = "sha256:5f4e983f40564c576c7c8635ae88db5956bb2229d7e9237d03b3c0b0190eaf42"},
]

[[package]]
name = "pyasn1"
version = "0.6.3"
requires_python = ">=3.8"
summary = "Pure-Python implementation of ASN.1 types and DER/BER/CER codecs (X.208)"
groups = ["ldap"]
files = [
    {file = "pyasn1-0.6.3-py3-none-any.whl", hash = "sha256:a80184d120f0864a52a073acc6fc642847d0be408e7c7252f31390c0f4eadcde"},
    {file = "pyasn1-0.6.3.tar.gz", hash = "sha256:697a8ecd6d98891189184ca1fa05d1bb00e2f84b5977c481452050549c8a72cf"},
]

[[package]]
name = "pyasn1-modules"
version = "0.4.2"
requires_python = ">=3.8"
summary = "A collection of ASN.1-based protocols modules"
groups = ["ldap"]
dependencies = [
    "pyasn1<0.7.0,>=0.6.1",
]
files = [
    {file = "pyasn1_modules-0.4.2-py3-none-any.whl", hash = "sha256:29253a9207ce32b64c3ac6600edc75368f98473906e8fd1043bd6b5b1de2c14a"},
    {file = "pyasn1_modules-0.4.2.tar.gz", hash = "sha256:677091de870a80aae844b1ca6134f54652fa2c8c5a52aa396440ac3106e941e6"},
]

[[package]]
name = "pygments"
version = "2.20.0"
requires_python = ">=3.9"
summary = "Pygments is a syntax highlighting package written in Python."
groups = ["default"]
files = [
    {file = "pygments-2.20.0-py3-none-any.whl", hash = "sha256:81a9e26dd42fd28a23a2d169d86d7ac03b46e2f8b59ed4698fb4785f946d0176"},
    {file = "pygments-2.20.0.tar.gz", hash = "sha256:6757cd03768053ff99f3039c1a36d6c0aa0b263438fcab17520b30a303a82b5f"},
]

[[package]]
name = "python-crontab"
version = "3.3.0"
summary = "Python Crontab API"
groups = ["default"]
files = [
    {file = "python_crontab-3.3.0-py3-none-any.whl", hash = "sha256:739a778b1a771379b75654e53fd4df58e5c63a9279a63b5dfe44c0fcc3ee7884"},
    {file = "python_crontab-3.3.0.tar.gz", hash = "sha256:007c8aee68dddf3e04ec4dce0fac124b93bd68be7470fc95d2a9617a15de291b"},
]

[[package]]
name = "python-dateutil"
version = "2.9.0.post0"
requires_python = "!=3.0.*,!=3.1.*,!=3.2.*,>=2.7"
summary = "Extensions to the standard Python datetime module"
groups = ["default"]
dependencies = [
    "six>=1.5",
]
files = [
    {file = "python-dateutil-2.9.0.post0.tar.gz", hash = "sha256:37dd54208da7e1cd875388217d5e00ebd4179249f90fb72437e91a35459a0ad3"},
    {file = "python_dateutil-2.9.0.post0-py2.py3-none-any.whl", hash = "sha256:a8b2bc7bffae282281c8140a97d3aa9c14da0b136dfe83f850eea9a5f7470427"},
]

[[package]]
name = "python-ldap"
version = "3.4.6"
requires_python = ">=3.6"
summary = "Python modules for implementing LDAP clients"
groups = ["ldap"]
dependencies = [
    "pyasn1-modules>=0.1.5",
    "pyasn1>=0.3.7",
]
files = [
    {file = "python_ldap-3.4.6.tar.gz", hash = "sha256:83d6b65c7cbe627d81e556d0d03f3f450e3ac35ba9c1b6011f0097ac92effeb1"},
]

[[package]]
name = "pytz"
version = "2026.2"
summary = "World timezone definitions, modern and historical"
groups = ["default", "ldap"]
files = [
    {file = "pytz-2026.2-py2.py3-none-any.whl", hash = "sha256:04156e608bee23d3792fd45c94ae47fae1036688e75032eea2e3bf0323d1f126"},
    {file = "pytz-2026.2.tar.gz", hash = "sha256:0e60b47b29f21574376f218fe21abc009894a2321ea16c6754f3cad6eb7cdd6a"},
]

[[package]]
name = "regex"
version = "2026.1.15"
requires_python = ">=3.9"
summary = "Alternative regular expression module, to replace re."
groups = ["default"]
files = [
    {file = "regex-2026.1.15-cp310-cp310-macosx_10_9_universal2.whl", hash = "sha256:4e3dd93c8f9abe8aa4b6c652016da9a3afa190df5ad822907efe6b206c09896e"},
    {file = "regex-2026.1.15-cp310-cp310-macosx_10_9_x86_64.whl", hash = "sha256:97499ff7862e868b1977107873dd1a06e151467129159a6ffd07b66706ba3a9f"},
    {file = "regex-2026.1.15-cp310-cp310-macosx_11_0_arm64.whl", hash = "sha256:0bda75ebcac38d884240914c6c43d8ab5fb82e74cde6da94b43b17c411aa4c2b"},
    {file = "regex-2026.1.15-cp310-cp310-manylinux2014_aarch64.manylinux_2_17_aarch64.manylinux_2_28_aarch64.whl", hash = "sha256:7dcc02368585334f5bc81fc73a2a6a0bbade60e7d83da21cead622faf408f32c"},
    {file = "regex-2026.1.15-cp310-cp310-manylinux2014_ppc64le.manylinux_2_17_ppc64le.manylinux_2_28_ppc64le.whl", hash = "sha256:693b465171707bbe882a7a05de5e866f33c76aa449750bee94a8d90463533cc9"},
    {file = "regex-2026.1.15-cp310-cp310-manylinux2014_s390x.manylinux_2_17_s390x.manylinux_2_28_s390x.whl", hash = "sha256:b0d190e6f013ea938623a58706d1469a62103fb2a241ce2873a9906e0386582c"},
    {file = "regex-2026.1.15-cp310-cp310-manylinux2014_x86_64.manylinux_2_17_x86_64.manylinux_2_28_x86_64.whl", hash = "sha256:5ff818702440a5878a81886f127b80127f5d50563753a28211482867f8318106"},
    {file = "regex-2026.1.15-cp310-cp310-manylinux2014_x86_64.manylinux_2_17_x86_64.whl", hash = "sha256:f052d1be37ef35a54e394de66136e30fa1191fab64f71fc06ac7bc98c9a84618"},
    {file = "regex-2026.1.15-cp310-cp310-manylinux_2_31_riscv64.manylinux_2_39_riscv64.whl", hash = "sha256:6bfc31a37fd1592f0c4fc4bfc674b5c42e52efe45b4b7a6a14f334cca4bcebe4"},
    {file = "regex-2026.1.15-cp310-cp310-musllinux_1_2_aarch64.whl", hash = "sha256:3d6ce5ae80066b319ae3bc62fd55a557c9491baa5efd0d355f0de08c4ba54e79"},
    {file = "regex-2026.1.15-cp310-cp310-musllinux_1_2_ppc64le.whl", hash = "sha256:1704d204bd42b6bb80167df0e4554f35c255b579ba99616def38f69e14a5ccb9"},
    {file = "regex-2026.1.15-cp310-cp310-musllinux_1_2_riscv64.whl", hash = "sha256:e3174a5ed4171570dc8318afada56373aa9289eb6dc0d96cceb48e7358b0e220"},
    {file = "regex-2026.1.15-cp310-cp310-musllinux_1_2_s390x.whl", hash = "sha256:87adf5bd6d72e3e17c9cb59ac4096b1faaf84b7eb3037a5ffa61c4b4370f0f13"},
    {file = "regex-2026.1.15-cp310-cp310-musllinux_1_2_x86_64.whl", hash = "sha256:e85dc94595f4d766bd7d872a9de5ede1ca8d3063f3bdf1e2c725f5eb411159e3"},
    {file = "regex-2026.1.15-cp310-cp310-win32.whl", hash = "sha256:21ca32c28c30d5d65fc9886ff576fc9b59bbca08933e844fa2363e530f4c8218"},
    {file = "regex-2026.1.15-cp310-cp310-win_amd64.whl", hash = "sha256:3038a62fc7d6e5547b8915a3d927a0fbeef84cdbe0b1deb8c99bbd4a8961b52a"},
    {file = "regex-2026.1.15-cp310-cp310-win_arm64.whl", hash = "sha256:505831646c945e3e63552cc1b1b9b514f0e93232972a2d5bedbcc32f15bc82e3"},
    {file = "regex-2026.1.15-cp311-cp311-macosx_10_9_universal2.whl", hash = "sha256:1ae6020fb311f68d753b7efa9d4b9a5d47a5d6466ea0d5e3b5a471a960ea6e4a"},
    {file = "regex-2026.1.15-cp311-cp311-macosx_10_9_x86_64.whl", hash = "sha256:eddf73f41225942c1f994914742afa53dc0d01a6e20fe14b878a1b1edc74151f"},
    {file = "regex-2026.1.15-cp311-cp311-macosx_11_0_arm64.whl", hash = "sha256:1e8cd52557603f5c66a548f69421310886b28b7066853089e1a71ee710e1cdc1"},
    {file = "regex-2026.1.15-cp311-cp311-manylinux2014_aarch64.manylinux_2_17_aarch64.manylinux_2_28_aarch64.whl", hash = "sha256:5170907244b14303edc5978f522f16c974f32d3aa92109fabc2af52411c9433b"},
    {file = "regex-2026.1.15-cp311-cp311-manylinux2014_ppc64le.manylinux_2_17_ppc64le.manylinux_2_28_ppc64le.whl", hash = "sha256:2748c1ec0663580b4510bd89941a31560b4b439a0b428b49472a3d9944d11cd8"},
    {file = "regex-2026.1.15-cp311-cp311-manylinux2014_s390x.manylinux_2_17_s390x.manylinux_2_28_s390x.whl", hash = "sha256:2f2775843ca49360508d080eaa87f94fa248e2c946bbcd963bb3aae14f333413"},
    {file = "regex-2026.1.15-cp311-cp311-manylinux2014_x86_64.manylinux_2_17_x86_64.manylinux_2_28_x86_64.whl", hash = "sha256:d9ea2604370efc9a174c1b5dcc81784fb040044232150f7f33756049edfc9026"},
    {file = "regex-2026.1.15-cp311-cp311-manylinux_2_31_riscv64.manylinux_2_39_riscv64.whl", hash = "sha256:0dcd31594264029b57bf16f37fd7248a70b3b764ed9e0839a8f271b2d22c0785"},
    {file = "regex-2026.1.15-cp311-cp311-musllinux_1_2_aarch64.whl", hash = "sha256:c08c1f3e34338256732bd6938747daa3c0d5b251e04b6e43b5813e94d503076e"},
    {file = "regex-2026.1.15-cp311-cp311-musllinux_1_2_ppc64le.whl", hash = "sha256:e43a55f378df1e7a4fa3547c88d9a5a9b7113f653a66821bcea4718fe6c58763"},
    {file = "regex-2026.1.15-cp311-cp311-musllinux_1_2_riscv64.whl", hash = "sha256:f82110ab962a541737bd0ce87978d4c658f06e7591ba899192e2712a517badbb"},
    {file = "regex-2026.1.15-cp311-cp311-musllinux_1_2_s390x.whl", hash = "sha256:27618391db7bdaf87ac6c92b31e8f0dfb83a9de0075855152b720140bda177a2"},
    {file = "regex-2026.1.15-cp311-cp311-musllinux_1_2_x86_64.whl", hash = "sha256:bfb0d6be01fbae8d6655c8ca21b3b72458606c4aec9bbc932db758d47aba6db1"},
    {file = "regex-2026.1.15-cp311-cp311-win32.whl", hash = "sha256:b10e42a6de0e32559a92f2f8dc908478cc0fa02838d7dbe764c44dca3fa13569"},
    {file = "regex-2026.1.15-cp311-cp311-win_amd64.whl", hash = "sha256:e9bf3f0bbdb56633c07d7116ae60a576f846efdd86a8848f8d62b749e1209ca7"},
    {file = "regex-2026.1.15-cp311-cp311-win_arm64.whl", hash = "sha256:41aef6f953283291c4e4e6850607bd71502be67779586a61472beacb315c97ec"},
    {file = "regex-2026.1.15-cp39-cp39-macosx_10_9_universal2.whl", hash = "sha256:55b4ea996a8e4458dd7b584a2f89863b1655dd3d17b88b46cbb9becc495a0ec5"},
    {file = "regex-2026.1.15-cp39-cp39-macosx_10_9_x86_64.whl", hash = "sha256:7e1e28be779884189cdd57735e997f282b64fd7ccf6e2eef3e16e57d7a34a815"},
    {file = "regex-2026.1.15-cp39-cp39-macosx_11_0_arm64.whl", hash = "sha256:0057de9eaef45783ff69fa94ae9f0fd906d629d0bd4c3217048f46d1daa32e9b"},
    {file = "regex-2026.1.15-cp39-cp39-manylinux2014_aarch64.manylinux_2_17_aarch64.manylinux_2_28_aarch64.whl", hash = "sha256:cc7cd0b2be0f0269283a45c0d8b2c35e149d1319dcb4a43c9c3689fa935c1ee6"},
    {file = "regex-2026.1.15-cp39-cp39-manylinux2014_ppc64le.manylinux_2_17_ppc64le.manylinux_2_28_ppc64le.whl", hash = "sha256:8db052bbd981e1666f09e957f3790ed74080c2229007c1dd67afdbf0b469c48b"},
    {file = "regex-2026.1.15-cp39-cp39-manylinux2014_s390x.manylinux_2_17_s390x.manylinux_2_28_s390x.whl", hash = "sha256:343db82cb3712c31ddf720f097ef17c11dab2f67f7a3e7be976c4f82eba4e6df"},
    {file = "regex-2026.1.15-cp39-cp39-manylinux2014_x86_64.manylinux_2_17_x86_64.manylinux_2_28_x86_64.whl", hash = "sha256:55e9d0118d97794367309635df398bdfd7c33b93e2fdfa0b239661cd74b4c14e"},
    {file = "regex-2026.1.15-cp39-cp39-manylinux2014_x86_64.manylinux_2_17_x86_64.whl", hash = "sha256:008b185f235acd1e53787333e5690082e4f156c44c87d894f880056089e9bc7c"},
    {file = "regex-2026.1.15-cp39-cp39-manylinux_2_31_riscv64.manylinux_2_39_riscv64.whl", hash = "sha256:fd65af65e2aaf9474e468f9e571bd7b189e1df3a61caa59dcbabd0000e4ea839"},
    {file = "regex-2026.1.15-cp39-cp39-musllinux_1_2_aarch64.whl", hash = "sha256:f42e68301ff4afee63e365a5fc302b81bb8ba31af625a671d7acb19d10168a8c"},
    {file = "regex-2026.1.15-cp39-cp39-musllinux_1_2_ppc64le.whl", hash = "sha256:f7792f27d3ee6e0244ea4697d92b825f9a329ab5230a78c1a68bd274e64b5077"},
    {file = "regex-2026.1.15-cp39-cp39-musllinux_1_2_riscv64.whl", hash = "sha256:dbaf3c3c37ef190439981648ccbf0c02ed99ae066087dd117fcb616d80b010a4"},
    {file = "regex-2026.1.15-cp39-cp39-musllinux_1_2_s390x.whl", hash = "sha256:adc97a9077c2696501443d8ad3fa1b4fc6d131fc8fd7dfefd1a723f89071cf0a"},
    {file = "regex-2026.1.15-cp39-cp39-musllinux_1_2_x86_64.whl", hash = "sha256:069f56a7bf71d286a6ff932a9e6fb878f151c998ebb2519a9f6d1cee4bffdba3"},
    {file = "regex-2026.1.15-cp39-cp39-win32.whl", hash = "sha256:ea4e6b3566127fda5e007e90a8fd5a4169f0cf0619506ed426db647f19c8454a"},
    {file = "regex-2026.1.15-cp39-cp39-win_amd64.whl", hash = "sha256:cda1ed70d2b264952e88adaa52eea653a33a1b98ac907ae2f86508eb44f65cdc"},
    {file = "regex-2026.1.15-cp39-cp39-win_arm64.whl", hash = "sha256:b325d4714c3c48277bfea1accd94e193ad6ed42b4bad79ad64f3b8f8a31260a5"},
    {file = "regex-2026.1.15.tar.gz", hash = "sha256:164759aa25575cbc0651bef59a0b18353e54300d79ace8084c818ad8ac72b7d5"},
]

[[package]]
name = "requests"
version = "2.32.5"
requires_python = ">=3.9"
summary = "Python HTTP for Humans."
groups = ["default"]
dependencies = [
    "certifi>=2017.4.17",
    "charset-normalizer<4,>=2",
    "idna<4,>=2.5",
    "urllib3<3,>=1.21.1",
]
files = [
    {file = "requests-2.32.5-py3-none-any.whl", hash = "sha256:2462f94637a34fd532264295e186976db0f5d453d1cdd31473c85a6a161affb6"},
    {file = "requests-2.32.5.tar.gz", hash = "sha256:dbba0bac56e100853db0ea71b82b4dfd5fe2bf6d3754a8893c3af500cec7d7cf"},
]

[[package]]
name = "six"
version = "1.17.0"
requires_python = "!=3.0.*,!=3.1.*,!=3.2.*,>=2.7"
summary = "Python 2 and 3 compatibility utilities"
groups = ["default"]
files = [
    {file = "six-1.17.0-py2.py3-none-any.whl", hash = "sha256:4721f391ed90541fddacab5acf947aa0d3dc7d27b2e1e8eda2be8970586c3274"},
    {file = "six-1.17.0.tar.gz", hash = "sha256:ff70335d468e7eb6ec65b95b99d3a2836546063f63acc5171de367e834932a81"},
]

[[package]]
name = "sonic-client"
version = "1.0.0"
summary = "python client for sonic search backend"
groups = ["sonic"]
files = [
    {file = "sonic-client-1.0.0.tar.gz", hash = "sha256:fe324c7354670488ed84847f6a6727d3cb5fb3675cb9b61396dcf5720e5aca66"},
    {file = "sonic_client-1.0.0-py3-none-any.whl", hash = "sha256:291bf292861e97a2dd765ff0c8754ea9631383680d31a63ec3da6f5aa5f4beda"},
]

[[package]]
name = "sqlparse"
version = "0.5.5"
requires_python = ">=3.8"
summary = "A non-validating SQL parser."
groups = ["default", "ldap"]
files = [
    {file = "sqlparse-0.5.5-py3-none-any.whl", hash = "sha256:12a08b3bf3eec877c519589833aed092e2444e68240a3577e8e26148acc7b1ba"},
    {file = "sqlparse-0.5.5.tar.gz", hash = "sha256:e20d4a9b0b8585fdf63b10d30066c7c94c5d7a7ec47c889a2d83a3caa93ff28e"},
]

[[package]]
name = "stack-data"
version = "0.6.3"
summary = "Extract data from python stack frames and tracebacks for informative displays"
groups = ["default"]
dependencies = [
    "asttokens>=2.1.0",
    "executing>=1.2.0",
    "pure-eval",
]
files = [
    {file = "stack_data-0.6.3-py3-none-any.whl", hash = "sha256:d5558e0c25a4cb0853cddad3d77da9891a08cb85dd9f9f91b9f8cd66e511e695"},
    {file = "stack_data-0.6.3.tar.gz", hash = "sha256:836a778de4fec4dcd1dcd89ed8abff8a221f58308462e1c4aa2a3cf30148f0b9"},
]

[[package]]
name = "traitlets"
version = "5.15.0"
requires_python = ">=3.9"
summary = "Traitlets Python configuration system"
groups = ["default"]
files = [
    {file = "traitlets-5.15.0-py3-none-any.whl", hash = "sha256:fb36a18867a6803deab09f3c5e0fa81bb7b26a5c9e82501c9933f759166eff40"},
    {file = "traitlets-5.15.0.tar.gz", hash = "sha256:4fead733f81cf1c4c938e06f8ca4633896833c9d89eff878159457f4d4392971"},
]

[[package]]
name = "typing-extensions"
version = "4.15.0"
requires_python = ">=3.9"
summary = "Backported and Experimental Type Hints for Python 3.9+"
groups = ["default", "ldap"]
marker = "python_version < \"3.11\""
files = [
    {file = "typing_extensions-4.15.0-py3-none-any.whl", hash = "sha256:f0fa19c6845758ab08074a0cfa8b7aecb71c999ca73d62883bc25cc018c4e548"},
    {file = "typing_extensions-4.15.0.tar.gz", hash = "sha256:0cea48d173cc12fa28ecabc3b837ea3cf6f38c6d1136f85cbaaf598984861466"},
]

[[package]]
name = "tzdata"
version = "2026.2"
requires_python = ">=2"
summary = "Provider of IANA time zone data"
groups = ["default"]
marker = "platform_system == \"Windows\""
files = [
    {file = "tzdata-2026.2-py2.py3-none-any.whl", hash = "sha256:bbe9af844f658da81a5f95019480da3a89415801f6cc966806612cc7169bffe7"},
    {file = "tzdata-2026.2.tar.gz", hash = "sha256:9173fde7d80d9018e02a662e168e5a2d04f87c41ea174b139fbef642eda62d10"},
]

[[package]]
name = "tzlocal"
version = "5.3.1"
requires_python = ">=3.9"
summary = "tzinfo object for the local timezone"
groups = ["default"]
dependencies = [
    "tzdata; platform_system == \"Windows\"",
]
files = [
    {file = "tzlocal-5.3.1-py3-none-any.whl", hash = "sha256:eb1a66c3ef5847adf7a834f1be0800581b683b5608e74f86ecbcef8ab91bb85d"},
    {file = "tzlocal-5.3.1.tar.gz", hash = "sha256:cceffc7edecefea1f595541dbd6e990cb1ea3d19bf01b2809f362a03dd7921fd"},
]

[[package]]
name = "urllib3"
version = "2.6.3"
requires_python = ">=3.9"
summary = "HTTP library with thread-safe connection pooling, file post, and more."
groups = ["default"]
files = [
    {file = "urllib3-2.6.3-py3-none-any.whl", hash = "sha256:bf272323e553dfb2e87d9bfd225ca7b0f467b919d7bbd355436d3fd37cb0acd4"},
    {file = "urllib3-2.6.3.tar.gz", hash = "sha256:1b62b6884944a57dbe321509ab94fd4d3b307075e0c2eae991ac71ee15ad38ed"},
]

[[package]]
name = "w3lib"
version = "2.3.1"
requires_python = ">=3.9"
summary = "Library of web-related functions"
groups = ["default"]
files = [
    {file = "w3lib-2.3.1-py3-none-any.whl", hash = "sha256:9ccd2ae10c8c41c7279cd8ad4fe65f834be894fe7bfdd7304b991fd69325847b"},
    {file = "w3lib-2.3.1.tar.gz", hash = "sha256:5c8ac02a3027576174c2b61eb9a2170ba1b197cae767080771b6f1febda249a4"},
]

[[package]]
name = "wcwidth"
version = "0.7.0"
requires_python = ">=3.8"
summary = "Measures the displayed width of unicode strings in a terminal"
groups = ["default"]
files = [
    {file = "wcwidth-0.7.0-py3-none-any.whl", hash = "sha256:5d69154c429a82910e241c738cd0e2976fac8a2dd47a1a805f4afed1c0f136f2"},
    {file = "wcwidth-0.7.0.tar.gz", hash = "sha256:90e3a7ea092341c44b99562e75d09e4d5160fe7a3974c6fb842a101a95e7eed0"},
]

[[package]]
name = "yt-dlp"
version = "2025.10.14"
requires_python = ">=3.9"
summary = "A feature-rich command-line audio/video downloader"
groups = ["default"]
files = [
    {file = "yt_dlp-2025.10.14-py3-none-any.whl", hash = "sha256:0b9da17eda1bbf48e2315130043d7993fd4ca1c5a35571f8231da1a910c9c115"},
    {file = "yt_dlp-2025.10.14.tar.gz", hash = "sha256:b18436aa9bb6f04354fd78d31ad9eeaae8c81b6a859f07072b25c18cd6c25844"},
]
