{
    "_meta": {
        "hash": {
            "sha256": "a28212eba2c7ffc28d5af0cac4a754440b72b5b088ef7825c255cdfa33e5a047"
        },
        "pipfile-spec": 6,
        "requires": {
            "python_version": "3.7"
        },
        "sources": [
            {
                "name": "pypi",
                "url": "https://pypi.org/simple",
                "verify_ssl": true
            }
        ]
    },
    "default": {
        "appnope": {
            "hashes": [
                "sha256:5b26757dc6f79a3b7dc9fab95359328d5747fcb2409d331ea66d0272b90ab2a0",
                "sha256:8b995ffe925347a2138d7ac0fe77155e4311a0ea6d6da4f5128fe4b3cbe5ed71"
            ],
            "markers": "sys_platform == 'darwin'",
            "version": "==0.1.0"
        },
        "backcall": {
            "hashes": [
                "sha256:38ecd85be2c1e78f77fd91700c76e14667dc21e2713b63876c0eb901196e01e4",
                "sha256:bbbf4b1e5cd2bdb08f915895b51081c041bac22394fdfcfdfbe9f14b77c08bf2"
            ],
            "version": "==0.1.0"
        },
        "base32-crockford": {
            "hashes": [
                "sha256:115f5bd32ae32b724035cb02eb65069a8824ea08c08851eb80c8b9f63443a969",
                "sha256:295ef5ffbf6ed96b6e739ffd36be98fa7e90a206dd18c39acefb15777eedfe6e"
            ],
            "index": "pypi",
            "version": "==0.3.0"
        },
        "croniter": {
            "hashes": [
                "sha256:0d905dbe6f131a910fd3dde792f0129788cd2cb3a8048c5f7aaa212670b0cef2",
                "sha256:538adeb3a7f7816c3cdec6db974c441620d764c25ff4ed0146ee7296b8a50590"
            ],
            "index": "pypi",
            "version": "==0.3.30"
        },
        "dataclasses": {
            "hashes": [
                "sha256:454a69d788c7fda44efd71e259be79577822f5e3f53f029a22d08004e951dc9f",
                "sha256:6988bd2b895eef432d562370bb707d540f32f7360ab13da45340101bc2307d84"
            ],
            "index": "pypi",
            "version": "==0.6"
        },
        "decorator": {
            "hashes": [
                "sha256:86156361c50488b84a3f148056ea716ca587df2f0de1d34750d35c21312725de",
                "sha256:f069f3a01830ca754ba5258fde2278454a0b5b79e0d7f5c13b3b97e57d4acff6"
            ],
            "version": "==4.4.0"
        },
        "django": {
            "hashes": [
                "sha256:7c3543e4fb070d14e10926189a7fcf42ba919263b7473dceaefce34d54e8a119",
                "sha256:a2814bffd1f007805b19194eb0b9a331933b82bd5da1c3ba3d7b7ba16e06dc4b"
            ],
            "index": "pypi",
            "version": "==2.2"
        },
        "ipython": {
            "hashes": [
                "sha256:b038baa489c38f6d853a3cfc4c635b0cda66f2864d136fe8f40c1a6e334e2a6b",
                "sha256:f5102c1cd67e399ec8ea66bcebe6e3968ea25a8977e53f012963e5affeb1fe38"
            ],
            "index": "pypi",
            "version": "==7.4.0"
        },
        "ipython-genutils": {
            "hashes": [
                "sha256:72dd37233799e619666c9f639a9da83c34013a73e8bbc79a7a6348d93c61fab8",
                "sha256:eb2e116e75ecef9d4d228fdc66af54269afa26ab4463042e33785b887c628ba8"
            ],
            "version": "==0.2.0"
        },
        "jedi": {
            "hashes": [
                "sha256:2bb0603e3506f708e792c7f4ad8fc2a7a9d9c2d292a358fbbd58da531695595b",
                "sha256:2c6bcd9545c7d6440951b12b44d373479bf18123a401a52025cf98563fbd826c"
            ],
            "version": "==0.13.3"
        },
        "parso": {
            "hashes": [
                "sha256:17cc2d7a945eb42c3569d4564cdf49bde221bc2b552af3eca9c1aad517dcdd33",
                "sha256:2e9574cb12e7112a87253e14e2c380ce312060269d04bd018478a3c92ea9a376"
            ],
            "version": "==0.4.0"
        },
        "pexpect": {
            "hashes": [
                "sha256:2094eefdfcf37a1fdbfb9aa090862c1a4878e5c7e0e7e7088bdb511c558e5cd1",
                "sha256:9e2c1fd0e6ee3a49b28f95d4b33bc389c89b20af6a1255906e90ff1262ce62eb"
            ],
            "markers": "sys_platform != 'win32'",
            "version": "==4.7.0"
        },
        "pickleshare": {
            "hashes": [
                "sha256:87683d47965c1da65cdacaf31c8441d12b8044cdec9aca500cd78fc2c683afca",
                "sha256:9649af414d74d4df115d5d718f82acb59c9d418196b7b4290ed47a12ce62df56"
            ],
            "version": "==0.7.5"
        },
        "prompt-toolkit": {
            "hashes": [
                "sha256:11adf3389a996a6d45cc277580d0d53e8a5afd281d0c9ec71b28e6f121463780",
                "sha256:2519ad1d8038fd5fc8e770362237ad0364d16a7650fb5724af6997ed5515e3c1",
                "sha256:977c6583ae813a37dc1c2e1b715892461fcbdaa57f6fc62f33a528c4886c8f55"
            ],
            "version": "==2.0.9"
        },
        "ptyprocess": {
            "hashes": [
                "sha256:923f299cc5ad920c68f2bc0bc98b75b9f838b93b599941a6b63ddbc2476394c0",
                "sha256:d7cc528d76e76342423ca640335bd3633420dc1366f258cb31d05e865ef5ca1f"
            ],
            "version": "==0.6.0"
        },
        "pygments": {
            "hashes": [
                "sha256:5ffada19f6203563680669ee7f53b64dabbeb100eb51b61996085e99c03b284a",
                "sha256:e8218dd399a61674745138520d0d4cf2621d7e032439341bc3f647bff125818d"
            ],
            "version": "==2.3.1"
        },
        "python-crontab": {
            "hashes": [
                "sha256:91ce4b245ee5e5c117aa0b21b485bc43f2d80df854a36e922b707643f50d7923"
            ],
            "index": "pypi",
            "version": "==2.3.6"
        },
        "python-dateutil": {
            "hashes": [
                "sha256:7e6584c74aeed623791615e26efd690f29817a27c73085b78e4bad02493df2fb",
                "sha256:c89805f6f4d64db21ed966fda138f8a5ed7a4fdbc1a8ee329ce1b74e3c74da9e"
            ],
            "version": "==2.8.0"
        },
        "pytz": {
            "hashes": [
                "sha256:303879e36b721603cc54604edcac9d20401bdbe31e1e4fdee5b9f98d5d31dfda",
                "sha256:d747dd3d23d77ef44c6a3526e274af6efeb0a6f1afd5a69ba4d5be4098c8e141"
            ],
            "version": "==2019.1"
        },
        "six": {
            "hashes": [
                "sha256:3350809f0555b11f552448330d0b52d5f24c91a322ea4a15ef22629740f3761c",
                "sha256:d16a0141ec1a18405cd4ce8b4613101da75da0e9a7aec5bdd4fa804d0e0eba73"
            ],
            "version": "==1.12.0"
        },
        "sqlparse": {
            "hashes": [
                "sha256:40afe6b8d4b1117e7dff5504d7a8ce07d9a1b15aeeade8a2d10f130a834f8177",
                "sha256:7c3dca29c022744e95b547e867cee89f4fce4373f3549ccd8797d8eb52cdb873"
            ],
            "version": "==0.3.0"
        },
        "traitlets": {
            "hashes": [
                "sha256:9c4bd2d267b7153df9152698efb1050a5d84982d3384a37b2c1f7723ba3e7835",
                "sha256:c6cb5e6f57c5a9bdaa40fa71ce7b4af30298fbab9ece9815b5d995ab6217c7d9"
            ],
            "version": "==4.3.2"
        },
        "wcwidth": {
            "hashes": [
                "sha256:3df37372226d6e63e1b1e1eda15c594bca98a22d33a23832a90998faa96bc65e",
                "sha256:f4ebe71925af7b40a864553f761ed559b43544f8f71746c2d756c7fe788ade7c"
            ],
            "version": "==0.1.7"
        },
        "youtube-dl": {
            "hashes": [
                "sha256:0d25459093870bf560bccafe9015e59402d7de1b2c956593623ba4c2840153e5",
                "sha256:ea0824ae9a166059ec754c267480198a074bd899c20b2ba497809bac099cde2e"
            ],
            "index": "pypi",
            "version": "==2019.4.17"
        }
    },
    "develop": {
        "appnope": {
            "hashes": [
                "sha256:5b26757dc6f79a3b7dc9fab95359328d5747fcb2409d331ea66d0272b90ab2a0",
                "sha256:8b995ffe925347a2138d7ac0fe77155e4311a0ea6d6da4f5128fe4b3cbe5ed71"
            ],
            "markers": "sys_platform == 'darwin'",
            "version": "==0.1.0"
        },
        "backcall": {
            "hashes": [
                "sha256:38ecd85be2c1e78f77fd91700c76e14667dc21e2713b63876c0eb901196e01e4",
                "sha256:bbbf4b1e5cd2bdb08f915895b51081c041bac22394fdfcfdfbe9f14b77c08bf2"
            ],
            "version": "==0.1.0"
        },
        "decorator": {
            "hashes": [
                "sha256:86156361c50488b84a3f148056ea716ca587df2f0de1d34750d35c21312725de",
                "sha256:f069f3a01830ca754ba5258fde2278454a0b5b79e0d7f5c13b3b97e57d4acff6"
            ],
            "version": "==4.4.0"
        },
        "django-stubs": {
            "hashes": [
                "sha256:9c06a4b28fc8c18f6abee4f199f8ee29cb5cfcecf349e912ded31cb3526ea2b6",
                "sha256:9ef230843a24b5d74f2ebd4c60f9bea09c21911bc119d0325e8bb47e2f495e70"
            ],
            "index": "pypi",
            "version": "==0.12.1"
        },
        "entrypoints": {
            "hashes": [
                "sha256:589f874b313739ad35be6e0cd7efde2a4e9b6fea91edcc34e58ecbb8dbe56d19",
                "sha256:c70dd71abe5a8c85e55e12c19bd91ccfeec11a6e99044204511f9ed547d48451"
            ],
            "version": "==0.3"
        },
        "flake8": {
            "hashes": [
                "sha256:859996073f341f2670741b51ec1e67a01da142831aa1fdc6242dbf88dffbe661",
                "sha256:a796a115208f5c03b18f332f7c11729812c8c3ded6c46319c59b53efd3819da8"
            ],
            "index": "pypi",
            "version": "==3.7.7"
        },
        "ipdb": {
            "hashes": [
                "sha256:dce2112557edfe759742ca2d0fee35c59c97b0cc7a05398b791079d78f1519ce"
            ],
            "index": "pypi",
            "version": "==0.12"
        },
        "ipython": {
            "hashes": [
                "sha256:b038baa489c38f6d853a3cfc4c635b0cda66f2864d136fe8f40c1a6e334e2a6b",
                "sha256:f5102c1cd67e399ec8ea66bcebe6e3968ea25a8977e53f012963e5affeb1fe38"
            ],
            "index": "pypi",
            "version": "==7.4.0"
        },
        "ipython-genutils": {
            "hashes": [
                "sha256:72dd37233799e619666c9f639a9da83c34013a73e8bbc79a7a6348d93c61fab8",
                "sha256:eb2e116e75ecef9d4d228fdc66af54269afa26ab4463042e33785b887c628ba8"
            ],
            "version": "==0.2.0"
        },
        "jedi": {
            "hashes": [
                "sha256:2bb0603e3506f708e792c7f4ad8fc2a7a9d9c2d292a358fbbd58da531695595b",
                "sha256:2c6bcd9545c7d6440951b12b44d373479bf18123a401a52025cf98563fbd826c"
            ],
            "version": "==0.13.3"
        },
        "mccabe": {
            "hashes": [
                "sha256:ab8a6258860da4b6677da4bd2fe5dc2c659cff31b3ee4f7f5d64e79735b80d42",
                "sha256:dd8d182285a0fe56bace7f45b5e7d1a6ebcbf524e8f3bd87eb0f125271b8831f"
            ],
            "version": "==0.6.1"
        },
        "mypy": {
            "hashes": [
                "sha256:2afe51527b1f6cdc4a5f34fc90473109b22bf7f21086ba3e9451857cf11489e6",
                "sha256:56a16df3e0abb145d8accd5dbb70eba6c4bd26e2f89042b491faa78c9635d1e2",
                "sha256:5764f10d27b2e93c84f70af5778941b8f4aa1379b2430f85c827e0f5464e8714",
                "sha256:5bbc86374f04a3aa817622f98e40375ccb28c4836f36b66706cf3c6ccce86eda",
                "sha256:6a9343089f6377e71e20ca734cd8e7ac25d36478a9df580efabfe9059819bf82",
                "sha256:6c9851bc4a23dc1d854d3f5dfd5f20a016f8da86bcdbb42687879bb5f86434b0",
                "sha256:b8e85956af3fcf043d6f87c91cbe8705073fc67029ba6e22d3468bfee42c4823",
                "sha256:b9a0af8fae490306bc112229000aa0c2ccc837b49d29a5c42e088c132a2334dd",
                "sha256:bbf643528e2a55df2c1587008d6e3bda5c0445f1240dfa85129af22ae16d7a9a",
                "sha256:c46ab3438bd21511db0f2c612d89d8344154c0c9494afc7fbc932de514cf8d15",
                "sha256:f7a83d6bd805855ef83ec605eb01ab4fa42bcef254b13631e451cbb44914a9b0"
            ],
            "index": "pypi",
            "version": "==0.701"
        },
        "mypy-extensions": {
            "hashes": [
                "sha256:37e0e956f41369209a3d5f34580150bcacfabaa57b33a15c0b25f4b5725e0812",
                "sha256:b16cabe759f55e3409a7d231ebd2841378fb0c27a5d1994719e340e4f429ac3e"
            ],
            "version": "==0.4.1"
        },
        "parso": {
            "hashes": [
                "sha256:17cc2d7a945eb42c3569d4564cdf49bde221bc2b552af3eca9c1aad517dcdd33",
                "sha256:2e9574cb12e7112a87253e14e2c380ce312060269d04bd018478a3c92ea9a376"
            ],
            "version": "==0.4.0"
        },
        "pexpect": {
            "hashes": [
                "sha256:2094eefdfcf37a1fdbfb9aa090862c1a4878e5c7e0e7e7088bdb511c558e5cd1",
                "sha256:9e2c1fd0e6ee3a49b28f95d4b33bc389c89b20af6a1255906e90ff1262ce62eb"
            ],
            "markers": "sys_platform != 'win32'",
            "version": "==4.7.0"
        },
        "pickleshare": {
            "hashes": [
                "sha256:87683d47965c1da65cdacaf31c8441d12b8044cdec9aca500cd78fc2c683afca",
                "sha256:9649af414d74d4df115d5d718f82acb59c9d418196b7b4290ed47a12ce62df56"
            ],
            "version": "==0.7.5"
        },
        "prompt-toolkit": {
            "hashes": [
                "sha256:11adf3389a996a6d45cc277580d0d53e8a5afd281d0c9ec71b28e6f121463780",
                "sha256:2519ad1d8038fd5fc8e770362237ad0364d16a7650fb5724af6997ed5515e3c1",
                "sha256:977c6583ae813a37dc1c2e1b715892461fcbdaa57f6fc62f33a528c4886c8f55"
            ],
            "version": "==2.0.9"
        },
        "ptyprocess": {
            "hashes": [
                "sha256:923f299cc5ad920c68f2bc0bc98b75b9f838b93b599941a6b63ddbc2476394c0",
                "sha256:d7cc528d76e76342423ca640335bd3633420dc1366f258cb31d05e865ef5ca1f"
            ],
            "version": "==0.6.0"
        },
        "pycodestyle": {
            "hashes": [
                "sha256:95a2219d12372f05704562a14ec30bc76b05a5b297b21a5dfe3f6fac3491ae56",
                "sha256:e40a936c9a450ad81df37f549d676d127b1b66000a6c500caa2b085bc0ca976c"
            ],
            "version": "==2.5.0"
        },
        "pyflakes": {
            "hashes": [
                "sha256:17dbeb2e3f4d772725c777fabc446d5634d1038f234e77343108ce445ea69ce0",
                "sha256:d976835886f8c5b31d47970ed689944a0262b5f3afa00a5a7b4dc81e5449f8a2"
            ],
            "version": "==2.1.1"
        },
        "pygments": {
            "hashes": [
                "sha256:5ffada19f6203563680669ee7f53b64dabbeb100eb51b61996085e99c03b284a",
                "sha256:e8218dd399a61674745138520d0d4cf2621d7e032439341bc3f647bff125818d"
            ],
            "version": "==2.3.1"
        },
        "six": {
            "hashes": [
                "sha256:3350809f0555b11f552448330d0b52d5f24c91a322ea4a15ef22629740f3761c",
                "sha256:d16a0141ec1a18405cd4ce8b4613101da75da0e9a7aec5bdd4fa804d0e0eba73"
            ],
            "version": "==1.12.0"
        },
        "traitlets": {
            "hashes": [
                "sha256:9c4bd2d267b7153df9152698efb1050a5d84982d3384a37b2c1f7723ba3e7835",
                "sha256:c6cb5e6f57c5a9bdaa40fa71ce7b4af30298fbab9ece9815b5d995ab6217c7d9"
            ],
            "version": "==4.3.2"
        },
        "typed-ast": {
            "hashes": [
                "sha256:04894d268ba6eab7e093d43107869ad49e7b5ef40d1a94243ea49b352061b200",
                "sha256:16616ece19daddc586e499a3d2f560302c11f122b9c692bc216e821ae32aa0d0",
                "sha256:252fdae740964b2d3cdfb3f84dcb4d6247a48a6abe2579e8029ab3be3cdc026c",
                "sha256:2af80a373af123d0b9f44941a46df67ef0ff7a60f95872412a145f4500a7fc99",
                "sha256:2c88d0a913229a06282b285f42a31e063c3bf9071ff65c5ea4c12acb6977c6a7",
                "sha256:2ea99c029ebd4b5a308d915cc7fb95b8e1201d60b065450d5d26deb65d3f2bc1",
                "sha256:3d2e3ab175fc097d2a51c7a0d3fda442f35ebcc93bb1d7bd9b95ad893e44c04d",
                "sha256:4766dd695548a15ee766927bf883fb90c6ac8321be5a60c141f18628fb7f8da8",
                "sha256:56b6978798502ef66625a2e0f80cf923da64e328da8bbe16c1ff928c70c873de",
                "sha256:5cddb6f8bce14325b2863f9d5ac5c51e07b71b462361fd815d1d7706d3a9d682",
                "sha256:644ee788222d81555af543b70a1098f2025db38eaa99226f3a75a6854924d4db",
                "sha256:64cf762049fc4775efe6b27161467e76d0ba145862802a65eefc8879086fc6f8",
                "sha256:68c362848d9fb71d3c3e5f43c09974a0ae319144634e7a47db62f0f2a54a7fa7",
                "sha256:6c1f3c6f6635e611d58e467bf4371883568f0de9ccc4606f17048142dec14a1f",
                "sha256:b213d4a02eec4ddf622f4d2fbc539f062af3788d1f332f028a2e19c42da53f15",
                "sha256:bb27d4e7805a7de0e35bd0cb1411bc85f807968b2b0539597a49a23b00a622ae",
                "sha256:c9d414512eaa417aadae7758bc118868cd2396b0e6138c1dd4fda96679c079d3",
                "sha256:f0937165d1e25477b01081c4763d2d9cdc3b18af69cb259dd4f640c9b900fe5e",
                "sha256:fb96a6e2c11059ecf84e6741a319f93f683e440e341d4489c9b161eca251cf2a",
                "sha256:fc71d2d6ae56a091a8d94f33ec9d0f2001d1cb1db423d8b4355debfe9ce689b7"
            ],
            "version": "==1.3.4"
        },
        "typing-extensions": {
            "hashes": [
                "sha256:07b2c978670896022a43c4b915df8958bec4a6b84add7f2c87b2b728bda3ba64",
                "sha256:f3f0e67e1d42de47b5c67c32c9b26641642e9170fe7e292991793705cd5fef7c",
                "sha256:fb2cd053238d33a8ec939190f30cfd736c00653a85a2919415cecf7dc3d9da71"
            ],
            "version": "==3.7.2"
        },
        "wcwidth": {
            "hashes": [
                "sha256:3df37372226d6e63e1b1e1eda15c594bca98a22d33a23832a90998faa96bc65e",
                "sha256:f4ebe71925af7b40a864553f761ed559b43544f8f71746c2d756c7fe788ade7c"
            ],
            "version": "==0.1.7"
        }
    }
}
